// !$*UTF8*$!
{
	archiveVersion = 1;
	classes = {
	};
	objectVersion = 56;
	objects = {

/* Begin PBXBuildFile section */
		C27BB98A2AF6291A003082B1 /* DetailViewController.swift in Sources */ = {isa = PBXBuildFile; fileRef = C27BB9892AF6291A003082B1 /* DetailViewController.swift */; };
		C27BB98C2AF63422003082B1 /* TheaterCell.swift in Sources */ = {isa = PBXBuildFile; fileRef = C27BB98B2AF63422003082B1 /* TheaterCell.swift */; };
		C27BB98E2AF63473003082B1 /* TheaterListController.swift in Sources */ = {isa = PBXBuildFile; fileRef = C27BB98D2AF63473003082B1 /* TheaterListController.swift */; };
		C27BB9962AF645DE003082B1 /* MapKit.framework in Frameworks */ = {isa = PBXBuildFile; fileRef = C27BB9952AF645DD003082B1 /* MapKit.framework */; };
		C27BB9982AF64602003082B1 /* TheaterViewController.swift in Sources */ = {isa = PBXBuildFile; fileRef = C27BB9972AF64602003082B1 /* TheaterViewController.swift */; };
		EDBAF14D2AF4C7D700AE2D40 /* AppDelegate.swift in Sources */ = {isa = PBXBuildFile; fileRef = EDBAF14C2AF4C7D700AE2D40 /* AppDelegate.swift */; };
		EDBAF14F2AF4C7D700AE2D40 /* SceneDelegate.swift in Sources */ = {isa = PBXBuildFile; fileRef = EDBAF14E2AF4C7D700AE2D40 /* SceneDelegate.swift */; };
		EDBAF1512AF4C7D700AE2D40 /* ViewController.swift in Sources */ = {isa = PBXBuildFile; fileRef = EDBAF1502AF4C7D700AE2D40 /* ViewController.swift */; };
		EDBAF1542AF4C7D700AE2D40 /* Main.storyboard in Resources */ = {isa = PBXBuildFile; fileRef = EDBAF1522AF4C7D700AE2D40 /* Main.storyboard */; };
		EDBAF1562AF4C7D900AE2D40 /* Assets.xcassets in Resources */ = {isa = PBXBuildFile; fileRef = EDBAF1552AF4C7D900AE2D40 /* Assets.xcassets */; };
		EDBAF1592AF4C7D900AE2D40 /* LaunchScreen.storyboard in Resources */ = {isa = PBXBuildFile; fileRef = EDBAF1572AF4C7D900AE2D40 /* LaunchScreen.storyboard */; };
		EDBAF1612AF4C86B00AE2D40 /* ListViewController.swift in Sources */ = {isa = PBXBuildFile; fileRef = EDBAF1602AF4C86B00AE2D40 /* ListViewController.swift */; };
		EDBAF1632AF4C99F00AE2D40 /* MovieVO.swift in Sources */ = {isa = PBXBuildFile; fileRef = EDBAF1622AF4C99F00AE2D40 /* MovieVO.swift */; };
		EDBAF1652AF4D2E200AE2D40 /* MovieCell.swift in Sources */ = {isa = PBXBuildFile; fileRef = EDBAF1642AF4D2E200AE2D40 /* MovieCell.swift */; };
/* End PBXBuildFile section */

/* Begin PBXFileReference section */
		C27BB9892AF6291A003082B1 /* DetailViewController.swift */ = {isa = PBXFileReference; lastKnownFileType = sourcecode.swift; path = DetailViewController.swift; sourceTree = "<group>"; };
		C27BB98B2AF63422003082B1 /* TheaterCell.swift */ = {isa = PBXFileReference; lastKnownFileType = sourcecode.swift; path = TheaterCell.swift; sourceTree = "<group>"; };
		C27BB98D2AF63473003082B1 /* TheaterListController.swift */ = {isa = PBXFileReference; lastKnownFileType = sourcecode.swift; path = TheaterListController.swift; sourceTree = "<group>"; };
		C27BB9952AF645DD003082B1 /* MapKit.framework */ = {isa = PBXFileReference; lastKnownFileType = wrapper.framework; name = MapKit.framework; path = System/Library/Frameworks/MapKit.framework; sourceTree = SDKROOT; };
		C27BB9972AF64602003082B1 /* TheaterViewController.swift */ = {isa = PBXFileReference; lastKnownFileType = sourcecode.swift; path = TheaterViewController.swift; sourceTree = "<group>"; };
		EDBAF1492AF4C7D700AE2D40 /* MyMovieChart.app */ = {isa = PBXFileReference; explicitFileType = wrapper.application; includeInIndex = 0; path = MyMovieChart.app; sourceTree = BUILT_PRODUCTS_DIR; };
		EDBAF14C2AF4C7D700AE2D40 /* AppDelegate.swift */ = {isa = PBXFileReference; lastKnownFileType = sourcecode.swift; path = AppDelegate.swift; sourceTree = "<group>"; };
		EDBAF14E2AF4C7D700AE2D40 /* SceneDelegate.swift */ = {isa = PBXFileReference; lastKnownFileType = sourcecode.swift; path = SceneDelegate.swift; sourceTree = "<group>"; };
		EDBAF1502AF4C7D700AE2D40 /* ViewController.swift */ = {isa = PBXFileReference; lastKnownFileType = sourcecode.swift; path = ViewController.swift; sourceTree = "<group>"; };
		EDBAF1532AF4C7D700AE2D40 /* Base */ = {isa = PBXFileReference; lastKnownFileType = file.storyboard; name = Base; path = Base.lproj/Main.storyboard; sourceTree = "<group>"; };
		EDBAF1552AF4C7D900AE2D40 /* Assets.xcassets */ = {isa = PBXFileReference; lastKnownFileType = folder.assetcatalog; path = Assets.xcassets; sourceTree = "<group>"; };
		EDBAF1582AF4C7D900AE2D40 /* Base */ = {isa = PBXFileReference; lastKnownFileType = file.storyboard; name = Base; path = Base.lproj/LaunchScreen.storyboard; sourceTree = "<group>"; };
		EDBAF15A2AF4C7D900AE2D40 /* Info.plist */ = {isa = PBXFileReference; lastKnownFileType = text.plist.xml; path = Info.plist; sourceTree = "<group>"; };
		EDBAF1602AF4C86B00AE2D40 /* ListViewController.swift */ = {isa = PBXFileReference; lastKnownFileType = sourcecode.swift; path = ListViewController.swift; sourceTree = "<group>"; };
		EDBAF1622AF4C99F00AE2D40 /* MovieVO.swift */ = {isa = PBXFileReference; lastKnownFileType = sourcecode.swift; path = MovieVO.swift; sourceTree = "<group>"; };
		EDBAF1642AF4D2E200AE2D40 /* MovieCell.swift */ = {isa = PBXFileReference; lastKnownFileType = sourcecode.swift; path = MovieCell.swift; sourceTree = "<group>"; };
/* End PBXFileReference section */

/* Begin PBXFrameworksBuildPhase section */
		EDBAF1462AF4C7D700AE2D40 /* Frameworks */ = {
			isa = PBXFrameworksBuildPhase;
			buildActionMask = 2147483647;
			files = (
				C27BB9962AF645DE003082B1 /* MapKit.framework in Frameworks */,
			);
			runOnlyForDeploymentPostprocessing = 0;
		};
/* End PBXFrameworksBuildPhase section */

/* Begin PBXGroup section */
		C27BB9942AF645DD003082B1 /* Frameworks */ = {
			isa = PBXGroup;
			children = (
				C27BB9952AF645DD003082B1 /* MapKit.framework */,
			);
			name = Frameworks;
			sourceTree = "<group>";
		};
		EDBAF1402AF4C7D700AE2D40 = {
			isa = PBXGroup;
			children = (
				EDBAF14B2AF4C7D700AE2D40 /* MyMovieChart */,
				EDBAF14A2AF4C7D700AE2D40 /* Products */,
				C27BB9942AF645DD003082B1 /* Frameworks */,
			);
			sourceTree = "<group>";
		};
		EDBAF14A2AF4C7D700AE2D40 /* Products */ = {
			isa = PBXGroup;
			children = (
				EDBAF1492AF4C7D700AE2D40 /* MyMovieChart.app */,
			);
			name = Products;
			sourceTree = "<group>";
		};
		EDBAF14B2AF4C7D700AE2D40 /* MyMovieChart */ = {
			isa = PBXGroup;
			children = (
				EDBAF14C2AF4C7D700AE2D40 /* AppDelegate.swift */,
				EDBAF14E2AF4C7D700AE2D40 /* SceneDelegate.swift */,
				EDBAF1502AF4C7D700AE2D40 /* ViewController.swift */,
				EDBAF1522AF4C7D700AE2D40 /* Main.storyboard */,
				EDBAF1552AF4C7D900AE2D40 /* Assets.xcassets */,
				EDBAF1572AF4C7D900AE2D40 /* LaunchScreen.storyboard */,
				EDBAF15A2AF4C7D900AE2D40 /* Info.plist */,
				EDBAF1602AF4C86B00AE2D40 /* ListViewController.swift */,
				C27BB9892AF6291A003082B1 /* DetailViewController.swift */,
				EDBAF1622AF4C99F00AE2D40 /* MovieVO.swift */,
				EDBAF1642AF4D2E200AE2D40 /* MovieCell.swift */,
				C27BB98B2AF63422003082B1 /* TheaterCell.swift */,
				C27BB98D2AF63473003082B1 /* TheaterListController.swift */,
				C27BB9972AF64602003082B1 /* TheaterViewController.swift */,
			);
			path = MyMovieChart;
			sourceTree = "<group>";
		};
/* End PBXGroup section */

/* Begin PBXNativeTarget section */
		EDBAF1482AF4C7D700AE2D40 /* MyMovieChart */ = {
			isa = PBXNativeTarget;
			buildConfigurationList = EDBAF15D2AF4C7D900AE2D40 /* Build configuration list for PBXNativeTarget "MyMovieChart" */;
			buildPhases = (
				EDBAF1452AF4C7D700AE2D40 /* Sources */,
				EDBAF1462AF4C7D700AE2D40 /* Frameworks */,
				EDBAF1472AF4C7D700AE2D40 /* Resources */,
			);
			buildRules = (
			);
			dependencies = (
			);
			name = MyMovieChart;
			productName = MyMovieChart;
			productReference = EDBAF1492AF4C7D700AE2D40 /* MyMovieChart.app */;
			productType = "com.apple.product-type.application";
		};
/* End PBXNativeTarget section */

/* Begin PBXProject section */
		EDBAF1412AF4C7D700AE2D40 /* Project object */ = {
			isa = PBXProject;
			attributes = {
				BuildIndependentTargetsInParallel = 1;
				LastSwiftUpdateCheck = 1500;
				LastUpgradeCheck = 1500;
				TargetAttributes = {
					EDBAF1482AF4C7D700AE2D40 = {
						CreatedOnToolsVersion = 15.0.1;
					};
				};
			};
			buildConfigurationList = EDBAF1442AF4C7D700AE2D40 /* Build configuration list for PBXProject "MyMovieChart" */;
			compatibilityVersion = "Xcode 14.0";
			developmentRegion = en;
			hasScannedForEncodings = 0;
			knownRegions = (
				en,
				Base,
			);
			mainGroup = EDBAF1402AF4C7D700AE2D40;
			productRefGroup = EDBAF14A2AF4C7D700AE2D40 /* Products */;
			projectDirPath = "";
			projectRoot = "";
			targets = (
				EDBAF1482AF4C7D700AE2D40 /* MyMovieChart */,
			);
		};
/* End PBXProject section */

/* Begin PBXResourcesBuildPhase section */
		EDBAF1472AF4C7D700AE2D40 /* Resources */ = {
			isa = PBXResourcesBuildPhase;
			buildActionMask = 2147483647;
			files = (
				EDBAF1592AF4C7D900AE2D40 /* LaunchScreen.storyboard in Resources */,
				EDBAF1562AF4C7D900AE2D40 /* Assets.xcassets in Resources */,
				EDBAF1542AF4C7D700AE2D40 /* Main.storyboard in Resources */,
			);
			runOnlyForDeploymentPostprocessing = 0;
		};
/* End PBXResourcesBuildPhase section */

/* Begin PBXSourcesBuildPhase section */
		EDBAF1452AF4C7D700AE2D40 /* Sources */ = {
			isa = PBXSourcesBuildPhase;
			buildActionMask = 2147483647;
			files = (
				EDBAF1512AF4C7D700AE2D40 /* ViewController.swift in Sources */,
				C27BB98C2AF63422003082B1 /* TheaterCell.swift in Sources */,
				EDBAF14D2AF4C7D700AE2D40 /* AppDelegate.swift in Sources */,
				EDBAF1652AF4D2E200AE2D40 /* MovieCell.swift in Sources */,
				EDBAF1612AF4C86B00AE2D40 /* ListViewController.swift in Sources */,
				C27BB98E2AF63473003082B1 /* TheaterListController.swift in Sources */,
				EDBAF14F2AF4C7D700AE2D40 /* SceneDelegate.swift in Sources */,
				EDBAF1632AF4C99F00AE2D40 /* MovieVO.swift in Sources */,
				C27BB9982AF64602003082B1 /* TheaterViewController.swift in Sources */,
				C27BB98A2AF6291A003082B1 /* DetailViewController.swift in Sources */,
			);
			runOnlyForDeploymentPostprocessing = 0;
		};
/* End PBXSourcesBuildPhase section */

/* Begin PBXVariantGroup section */
		EDBAF1522AF4C7D700AE2D40 /* Main.storyboard */ = {
			isa = PBXVariantGroup;
			children = (
				EDBAF1532AF4C7D700AE2D40 /* Base */,
			);
			name = Main.storyboard;
			sourceTree = "<group>";
		};
		EDBAF1572AF4C7D900AE2D40 /* LaunchScreen.storyboard */ = {
			isa = PBXVariantGroup;
			children = (
				EDBAF1582AF4C7D900AE2D40 /* Base */,
			);
			name = LaunchScreen.storyboard;
			sourceTree = "<group>";
		};
/* End PBXVariantGroup section */

/* Begin XCBuildConfiguration section */
		EDBAF15B2AF4C7D900AE2D40 /* Debug */ = {
			isa = XCBuildConfiguration;
			buildSettings = {
				ALWAYS_SEARCH_USER_PATHS = NO;
				ASSETCATALOG_COMPILER_GENERATE_SWIFT_ASSET_SYMBOL_EXTENSIONS = YES;
				CLANG_ANALYZER_NONNULL = YES;
				CLANG_ANALYZER_NUMBER_OBJECT_CONVERSION = YES_AGGRESSIVE;
				CLANG_CXX_LANGUAGE_STANDARD = "gnu++20";
				CLANG_ENABLE_MODULES = YES;
				CLANG_ENABLE_OBJC_ARC = YES;
				CLANG_ENABLE_OBJC_WEAK = YES;
				CLANG_WARN_BLOCK_CAPTURE_AUTORELEASING = YES;
				CLANG_WARN_BOOL_CONVERSION = YES;
				CLANG_WARN_COMMA = YES;
				CLANG_WARN_CONSTANT_CONVERSION = YES;
				CLANG_WARN_DEPRECATED_OBJC_IMPLEMENTATIONS = YES;
				CLANG_WARN_DIRECT_OBJC_ISA_USAGE = YES_ERROR;
				CLANG_WARN_DOCUMENTATION_COMMENTS = YES;
				CLANG_WARN_EMPTY_BODY = YES;
				CLANG_WARN_ENUM_CONVERSION = YES;
				CLANG_WARN_INFINITE_RECURSION = YES;
				CLANG_WARN_INT_CONVERSION = YES;
				CLANG_WARN_NON_LITERAL_NULL_CONVERSION = YES;
				CLANG_WARN_OBJC_IMPLICIT_RETAIN_SELF = YES;
				CLANG_WARN_OBJC_LITERAL_CONVERSION = YES;
				CLANG_WARN_OBJC_ROOT_CLASS = YES_ERROR;
				CLANG_WARN_QUOTED_INCLUDE_IN_FRAMEWORK_HEADER = YES;
				CLANG_WARN_RANGE_LOOP_ANALYSIS = YES;
				CLANG_WARN_STRICT_PROTOTYPES = YES;
				CLANG_WARN_SUSPICIOUS_MOVE = YES;
				CLANG_WARN_UNGUARDED_AVAILABILITY = YES_AGGRESSIVE;
				CLANG_WARN_UNREACHABLE_CODE = YES;
				CLANG_WARN__DUPLICATE_METHOD_MATCH = YES;
				COPY_PHASE_STRIP = NO;
				DEBUG_INFORMATION_FORMAT = dwarf;
				ENABLE_STRICT_OBJC_MSGSEND = YES;
				ENABLE_TESTABILITY = YES;
				ENABLE_USER_SCRIPT_SANDBOXING = YES;
				GCC_C_LANGUAGE_STANDARD = gnu17;
				GCC_DYNAMIC_NO_PIC = NO;
				GCC_NO_COMMON_BLOCKS = YES;
				GCC_OPTIMIZATION_LEVEL = 0;
				GCC_PREPROCESSOR_DEFINITIONS = (
					"DEBUG=1",
					"$(inherited)",
				);
				GCC_WARN_64_TO_32_BIT_CONVERSION = YES;
				GCC_WARN_ABOUT_RETURN_TYPE = YES_ERROR;
				GCC_WARN_UNDECLARED_SELECTOR = YES;
				GCC_WARN_UNINITIALIZED_AUTOS = YES_AGGRESSIVE;
				GCC_WARN_UNUSED_FUNCTION = YES;
				GCC_WARN_UNUSED_VARIABLE = YES;
				IPHONEOS_DEPLOYMENT_TARGET = 13.0;
				LOCALIZATION_PREFERS_STRING_CATALOGS = YES;
				MTL_ENABLE_DEBUG_INFO = INCLUDE_SOURCE;
				MTL_FAST_MATH = YES;
				ONLY_ACTIVE_ARCH = YES;
				SDKROOT = iphoneos;
				SWIFT_ACTIVE_COMPILATION_CONDITIONS = "DEBUG $(inherited)";
				SWIFT_OPTIMIZATION_LEVEL = "-Onone";
			};
			name = Debug;
		};
		EDBAF15C2AF4C7D900AE2D40 /* Release */ = {
			isa = XCBuildConfiguration;
			buildSettings = {
				ALWAYS_SEARCH_USER_PATHS = NO;
				ASSETCATALOG_COMPILER_GENERATE_SWIFT_ASSET_SYMBOL_EXTENSIONS = YES;
				CLANG_ANALYZER_NONNULL = YES;
				CLANG_ANALYZER_NUMBER_OBJECT_CONVERSION = YES_AGGRESSIVE;
				CLANG_CXX_LANGUAGE_STANDARD = "gnu++20";
				CLANG_ENABLE_MODULES = YES;
				CLANG_ENABLE_OBJC_ARC = YES;
				CLANG_ENABLE_OBJC_WEAK = YES;
				CLANG_WARN_BLOCK_CAPTURE_AUTORELEASING = YES;
				CLANG_WARN_BOOL_CONVERSION = YES;
				CLANG_WARN_COMMA = YES;
				CLANG_WARN_CONSTANT_CONVERSION = YES;
				CLANG_WARN_DEPRECATED_OBJC_IMPLEMENTATIONS = YES;
				CLANG_WARN_DIRECT_OBJC_ISA_USAGE = YES_ERROR;
				CLANG_WARN_DOCUMENTATION_COMMENTS = YES;
				CLANG_WARN_EMPTY_BODY = YES;
				CLANG_WARN_ENUM_CONVERSION = YES;
				CLANG_WARN_INFINITE_RECURSION = YES;
				CLANG_WARN_INT_CONVERSION = YES;
				CLANG_WARN_NON_LITERAL_NULL_CONVERSION = YES;
				CLANG_WARN_OBJC_IMPLICIT_RETAIN_SELF = YES;
				CLANG_WARN_OBJC_LITERAL_CONVERSION = YES;
				CLANG_WARN_OBJC_ROOT_CLASS = YES_ERROR;
				CLANG_WARN_QUOTED_INCLUDE_IN_FRAMEWORK_HEADER = YES;
				CLANG_WARN_RANGE_LOOP_ANALYSIS = YES;
				CLANG_WARN_STRICT_PROTOTYPES = YES;
				CLANG_WARN_SUSPICIOUS_MOVE = YES;
				CLANG_WARN_UNGUARDED_AVAILABILITY = YES_AGGRESSIVE;
				CLANG_WARN_UNREACHABLE_CODE = YES;
				CLANG_WARN__DUPLICATE_METHOD_MATCH = YES;
				COPY_PHASE_STRIP = NO;
				DEBUG_INFORMATION_FORMAT = "dwarf-with-dsym";
				ENABLE_NS_ASSERTIONS = NO;
				ENABLE_STRICT_OBJC_MSGSEND = YES;
				ENABLE_USER_SCRIPT_SANDBOXING = YES;
				GCC_C_LANGUAGE_STANDARD = gnu17;
				GCC_NO_COMMON_BLOCKS = YES;
				GCC_WARN_64_TO_32_BIT_CONVERSION = YES;
				GCC_WARN_ABOUT_RETURN_TYPE = YES_ERROR;
				GCC_WARN_UNDECLARED_SELECTOR = YES;
				GCC_WARN_UNINITIALIZED_AUTOS = YES_AGGRESSIVE;
				GCC_WARN_UNUSED_FUNCTION = YES;
				GCC_WARN_UNUSED_VARIABLE = YES;
				IPHONEOS_DEPLOYMENT_TARGET = 13.0;
				LOCALIZATION_PREFERS_STRING_CATALOGS = YES;
				MTL_ENABLE_DEBUG_INFO = NO;
				MTL_FAST_MATH = YES;
				SDKROOT = iphoneos;
				SWIFT_COMPILATION_MODE = wholemodule;
				VALIDATE_PRODUCT = YES;
			};
			name = Release;
		};
		EDBAF15E2AF4C7D900AE2D40 /* Debug */ = {
			isa = XCBuildConfiguration;
			buildSettings = {
				ASSETCATALOG_COMPILER_APPICON_NAME = AppIcon;
				ASSETCATALOG_COMPILER_GLOBAL_ACCENT_COLOR_NAME = AccentColor;
				"CODE_SIGN_IDENTITY[sdk=iphoneos*]" = "iPhone Developer";
				CODE_SIGN_STYLE = Manual;
				CURRENT_PROJECT_VERSION = 1;
				DEVELOPMENT_TEAM = "";
				"DEVELOPMENT_TEAM[sdk=iphoneos*]" = 77P94MC849;
				GENERATE_INFOPLIST_FILE = YES;
				INFOPLIST_FILE = MyMovieChart/Info.plist;
				INFOPLIST_KEY_UIApplicationSupportsIndirectInputEvents = YES;
				INFOPLIST_KEY_UILaunchStoryboardName = LaunchScreen;
				INFOPLIST_KEY_UIMainStoryboardFile = Main;
				INFOPLIST_KEY_UISupportedInterfaceOrientations = UIInterfaceOrientationPortrait;
				INFOPLIST_KEY_UISupportedInterfaceOrientations_iPad = "UIInterfaceOrientationLandscapeLeft UIInterfaceOrientationLandscapeRight UIInterfaceOrientationPortrait UIInterfaceOrientationPortraitUpsideDown";
				LD_RUNPATH_SEARCH_PATHS = (
					"$(inherited)",
					"@executable_path/Frameworks",
				);
				MARKETING_VERSION = 1.0;
				PRODUCT_BUNDLE_IDENTIFIER = com.elvin.MyMovieChart;
				PRODUCT_NAME = "$(TARGET_NAME)";
				PROVISIONING_PROFILE_SPECIFIER = "";
				"PROVISIONING_PROFILE_SPECIFIER[sdk=iphoneos*]" = GeneralDeveloper;
				SUPPORTED_PLATFORMS = "iphoneos iphonesimulator";
				SUPPORTS_MACCATALYST = NO;
				SUPPORTS_MAC_DESIGNED_FOR_IPHONE_IPAD = NO;
				SWIFT_EMIT_LOC_STRINGS = YES;
				SWIFT_VERSION = 5.0;
				TARGETED_DEVICE_FAMILY = 1;
			};
			name = Debug;
		};
		EDBAF15F2AF4C7D900AE2D40 /* Release */ = {
			isa = XCBuildConfiguration;
			buildSettings = {
				ASSETCATALOG_COMPILER_APPICON_NAME = AppIcon;
				ASSETCATALOG_COMPILER_GLOBAL_ACCENT_COLOR_NAME = AccentColor;
				"CODE_SIGN_IDENTITY[sdk=iphoneos*]" = "iPhone Developer";
				CODE_SIGN_STYLE = Manual;
				CURRENT_PROJECT_VERSION = 1;
				DEVELOPMENT_TEAM = "";
				"DEVELOPMENT_TEAM[sdk=iphoneos*]" = 77P94MC849;
				GENERATE_INFOPLIST_FILE = YES;
				INFOPLIST_FILE = MyMovieChart/Info.plist;
				INFOPLIST_KEY_UIApplicationSupportsIndirectInputEvents = YES;
				INFOPLIST_KEY_UILaunchStoryboardName = LaunchScreen;
				INFOPLIST_KEY_UIMainStoryboardFile = Main;
				INFOPLIST_KEY_UISupportedInterfaceOrientations = UIInterfaceOrientationPortrait;
				INFOPLIST_KEY_UISupportedInterfaceOrientations_iPad = "UIInterfaceOrientationLandscapeLeft UIInterfaceOrientationLandscapeRight UIInterfaceOrientationPortrait UIInterfaceOrientationPortraitUpsideDown";
				LD_RUNPATH_SEARCH_PATHS = (
					"$(inherited)",
					"@executable_path/Frameworks",
				);
				MARKETING_VERSION = 1.0;
				PRODUCT_BUNDLE_IDENTIFIER = com.elvin.MyMovieChart;
				PRODUCT_NAME = "$(TARGET_NAME)";
				PROVISIONING_PROFILE_SPECIFIER = "";
				"PROVISIONING_PROFILE_SPECIFIER[sdk=iphoneos*]" = GeneralDeveloper;
				SUPPORTED_PLATFORMS = "iphoneos iphonesimulator";
				SUPPORTS_MACCATALYST = NO;
				SUPPORTS_MAC_DESIGNED_FOR_IPHONE_IPAD = NO;
				SWIFT_EMIT_LOC_STRINGS = YES;
				SWIFT_VERSION = 5.0;
				TARGETED_DEVICE_FAMILY = 1;
			};
			name = Release;
		};
/* End XCBuildConfiguration section */

/* Begin XCConfigurationList section */
		EDBAF1442AF4C7D700AE2D40 /* Build configuration list for PBXProject "MyMovieChart" */ = {
			isa = XCConfigurationList;
			buildConfigurations = (
				EDBAF15B2AF4C7D900AE2D40 /* Debug */,
				EDBAF15C2AF4C7D900AE2D40 /* Release */,
			);
			defaultConfigurationIsVisible = 0;
			defaultConfigurationName = Release;
		};
		EDBAF15D2AF4C7D900AE2D40 /* Build configuration list for PBXNativeTarget "MyMovieChart" */ = {
			isa = XCConfigurationList;
			buildConfigurations = (
				EDBAF15E2AF4C7D900AE2D40 /* Debug */,
				EDBAF15F2AF4C7D900AE2D40 /* Release */,
			);
			defaultConfigurationIsVisible = 0;
			defaultConfigurationName = Release;
		};
/* End XCConfigurationList section */
	};
	rootObject = EDBAF1412AF4C7D700AE2D40 /* Project object */;
}
